
Microsoft Visual Studio Solution File, Format Version 12.00
# Visual Studio Version 17
VisualStudioVersion = 17.0.31903.59
MinimumVisualStudioVersion = 10.0.40219.1
Project("{2150E333-8FDC-42A3-9474-1A3956D46DE8}") = "src", "src", "{827E0CD3-B72D-47B6-A68D-7590B98EB39B}"
EndProject
Project("{FAE04EC0-301F-11D3-BF4B-00C04F79EFBC}") = "ResalePlatform.Domain", "src\ResalePlatform.Domain\ResalePlatform.Domain.csproj", "{EF9A1F79-1D30-4B4D-B51D-AEEAD7ED4F38}"
EndProject
Project("{FAE04EC0-301F-11D3-BF4B-00C04F79EFBC}") = "ResalePlatform.Application", "src\ResalePlatform.Application\ResalePlatform.Application.csproj", "{92EF61C9-9949-457F-B36B-F0385DC8CB45}"
EndProject
Project("{FAE04EC0-301F-11D3-BF4B-00C04F79EFBC}") = "ResalePlatform.Infrastructure", "src\ResalePlatform.Infrastructure\ResalePlatform.Infrastructure.csproj", "{DC27C948-BC09-48E1-B8D4-B5D852410403}"
EndProject
Project("{FAE04EC0-301F-11D3-BF4B-00C04F79EFBC}") = "ResalePlatform.API", "src\ResalePlatform.API\ResalePlatform.API.csproj", "{B33E359E-FB8B-437C-B94E-11ED60942125}"
EndProject
Project("{2150E333-8FDC-42A3-9474-1A3956D46DE8}") = "tests", "tests", "{0AB3BF05-4346-4AA6-1389-037BE0695223}"
EndProject
Project("{FAE04EC0-301F-11D3-BF4B-00C04F79EFBC}") = "ResalePlatform.IntegrationTests", "tests\ResalePlatform.IntegrationTests\ResalePlatform.IntegrationTests.csproj", "{04F02916-6703-4D88-B63B-609BF24C7104}"
EndProject
Global
	GlobalSection(SolutionConfigurationPlatforms) = preSolution
		Debug|Any CPU = Debug|Any CPU
		Debug|x64 = Debug|x64
		Debug|x86 = Debug|x86
		Release|Any CPU = Release|Any CPU
		Release|x64 = Release|x64
		Release|x86 = Release|x86
	EndGlobalSection
	GlobalSection(ProjectConfigurationPlatforms) = postSolution
		{EF9A1F79-1D30-4B4D-B51D-AEEAD7ED4F38}.Debug|Any CPU.ActiveCfg = Debug|Any CPU
		{EF9A1F79-1D30-4B4D-B51D-AEEAD7ED4F38}.Debug|Any CPU.Build.0 = Debug|Any CPU
		{EF9A1F79-1D30-4B4D-B51D-AEEAD7ED4F38}.Debug|x64.ActiveCfg = Debug|Any CPU
		{EF9A1F79-1D30-4B4D-B51D-AEEAD7ED4F38}.Debug|x64.Build.0 = Debug|Any CPU
		{EF9A1F79-1D30-4B4D-B51D-AEEAD7ED4F38}.Debug|x86.ActiveCfg = Debug|Any CPU
		{EF9A1F79-1D30-4B4D-B51D-AEEAD7ED4F38}.Debug|x86.Build.0 = Debug|Any CPU
		{EF9A1F79-1D30-4B4D-B51D-AEEAD7ED4F38}.Release|Any CPU.ActiveCfg = Release|Any CPU
		{EF9A1F79-1D30-4B4D-B51D-AEEAD7ED4F38}.Release|Any CPU.Build.0 = Release|Any CPU
		{EF9A1F79-1D30-4B4D-B51D-AEEAD7ED4F38}.Release|x64.ActiveCfg = Release|Any CPU
		{EF9A1F79-1D30-4B4D-B51D-AEEAD7ED4F38}.Release|x64.Build.0 = Release|Any CPU
		{EF9A1F79-1D30-4B4D-B51D-AEEAD7ED4F38}.Release|x86.ActiveCfg = Release|Any CPU
		{EF9A1F79-1D30-4B4D-B51D-AEEAD7ED4F38}.Release|x86.Build.0 = Release|Any CPU
		{92EF61C9-9949-457F-B36B-F0385DC8CB45}.Debug|Any CPU.ActiveCfg = Debug|Any CPU
		{92EF61C9-9949-457F-B36B-F0385DC8CB45}.Debug|Any CPU.Build.0 = Debug|Any CPU
		{92EF61C9-9949-457F-B36B-F0385DC8CB45}.Debug|x64.ActiveCfg = Debug|Any CPU
		{92EF61C9-9949-457F-B36B-F0385DC8CB45}.Debug|x64.Build.0 = Debug|Any CPU
		{92EF61C9-9949-457F-B36B-F0385DC8CB45}.Debug|x86.ActiveCfg = Debug|Any CPU
		{92EF61C9-9949-457F-B36B-F0385DC8CB45}.Debug|x86.Build.0 = Debug|Any CPU
		{92EF61C9-9949-457F-B36B-F0385DC8CB45}.Release|Any CPU.ActiveCfg = Release|Any CPU
		{92EF61C9-9949-457F-B36B-F0385DC8CB45}.Release|Any CPU.Build.0 = Release|Any CPU
		{92EF61C9-9949-457F-B36B-F0385DC8CB45}.Release|x64.ActiveCfg = Release|Any CPU
		{92EF61C9-9949-457F-B36B-F0385DC8CB45}.Release|x64.Build.0 = Release|Any CPU
		{92EF61C9-9949-457F-B36B-F0385DC8CB45}.Release|x86.ActiveCfg = Release|Any CPU
		{92EF61C9-9949-457F-B36B-F0385DC8CB45}.Release|x86.Build.0 = Release|Any CPU
		{DC27C948-BC09-48E1-B8D4-B5D852410403}.Debug|Any CPU.ActiveCfg = Debug|Any CPU
		{DC27C948-BC09-48E1-B8D4-B5D852410403}.Debug|Any CPU.Build.0 = Debug|Any CPU
		{DC27C948-BC09-48E1-B8D4-B5D852410403}.Debug|x64.ActiveCfg = Debug|Any CPU
		{DC27C948-BC09-48E1-B8D4-B5D852410403}.Debug|x64.Build.0 = Debug|Any CPU
		{DC27C948-BC09-48E1-B8D4-B5D852410403}.Debug|x86.ActiveCfg = Debug|Any CPU
		{DC27C948-BC09-48E1-B8D4-B5D852410403}.Debug|x86.Build.0 = Debug|Any CPU
		{DC27C948-BC09-48E1-B8D4-B5D852410403}.Release|Any CPU.ActiveCfg = Release|Any CPU
		{DC27C948-BC09-48E1-B8D4-B5D852410403}.Release|Any CPU.Build.0 = Release|Any CPU
		{DC27C948-BC09-48E1-B8D4-B5D852410403}.Release|x64.ActiveCfg = Release|Any CPU
		{DC27C948-BC09-48E1-B8D4-B5D852410403}.Release|x64.Build.0 = Release|Any CPU
		{DC27C948-BC09-48E1-B8D4-B5D852410403}.Release|x86.ActiveCfg = Release|Any CPU
		{DC27C948-BC09-48E1-B8D4-B5D852410403}.Release|x86.Build.0 = Release|Any CPU
		{B33E359E-FB8B-437C-B94E-11ED60942125}.Debug|Any CPU.ActiveCfg = Debug|Any CPU
		{B33E359E-FB8B-437C-B94E-11ED60942125}.Debug|Any CPU.Build.0 = Debug|Any CPU
		{B33E359E-FB8B-437C-B94E-11ED60942125}.Debug|x64.ActiveCfg = Debug|Any CPU
		{B33E359E-FB8B-437C-B94E-11ED60942125}.Debug|x64.Build.0 = Debug|Any CPU
		{B33E359E-FB8B-437C-B94E-11ED60942125}.Debug|x86.ActiveCfg = Debug|Any CPU
		{B33E359E-FB8B-437C-B94E-11ED60942125}.Debug|x86.Build.0 = Debug|Any CPU
		{B33E359E-FB8B-437C-B94E-11ED60942125}.Release|Any CPU.ActiveCfg = Release|Any CPU
		{B33E359E-FB8B-437C-B94E-11ED60942125}.Release|Any CPU.Build.0 = Release|Any CPU
		{B33E359E-FB8B-437C-B94E-11ED60942125}.Release|x64.ActiveCfg = Release|Any CPU
		{B33E359E-FB8B-437C-B94E-11ED60942125}.Release|x64.Build.0 = Release|Any CPU
		{B33E359E-FB8B-437C-B94E-11ED60942125}.Release|x86.ActiveCfg = Release|Any CPU
		{B33E359E-FB8B-437C-B94E-11ED60942125}.Release|x86.Build.0 = Release|Any CPU
		{04F02916-6703-4D88-B63B-609BF24C7104}.Debug|Any CPU.ActiveCfg = Debug|Any CPU
		{04F02916-6703-4D88-B63B-609BF24C7104}.Debug|Any CPU.Build.0 = Debug|Any CPU
		{04F02916-6703-4D88-B63B-609BF24C7104}.Debug|x64.ActiveCfg = Debug|Any CPU
		{04F02916-6703-4D88-B63B-609BF24C7104}.Debug|x64.Build.0 = Debug|Any CPU
		{04F02916-6703-4D88-B63B-609BF24C7104}.Debug|x86.ActiveCfg = Debug|Any CPU
		{04F02916-6703-4D88-B63B-609BF24C7104}.Debug|x86.Build.0 = Debug|Any CPU
		{04F02916-6703-4D88-B63B-609BF24C7104}.Release|Any CPU.ActiveCfg = Release|Any CPU
		{04F02916-6703-4D88-B63B-609BF24C7104}.Release|Any CPU.Build.0 = Release|Any CPU
		{04F02916-6703-4D88-B63B-609BF24C7104}.Release|x64.ActiveCfg = Release|Any CPU
		{04F02916-6703-4D88-B63B-609BF24C7104}.Release|x64.Build.0 = Release|Any CPU
		{04F02916-6703-4D88-B63B-609BF24C7104}.Release|x86.ActiveCfg = Release|Any CPU
		{04F02916-6703-4D88-B63B-609BF24C7104}.Release|x86.Build.0 = Release|Any CPU
	EndGlobalSection
	GlobalSection(SolutionProperties) = preSolution
		HideSolutionNode = FALSE
	EndGlobalSection
	GlobalSection(NestedProjects) = preSolution
		{EF9A1F79-1D30-4B4D-B51D-AEEAD7ED4F38} = {827E0CD3-B72D-47B6-A68D-7590B98EB39B}
		{92EF61C9-9949-457F-B36B-F0385DC8CB45} = {827E0CD3-B72D-47B6-A68D-7590B98EB39B}
		{DC27C948-BC09-48E1-B8D4-B5D852410403} = {827E0CD3-B72D-47B6-A68D-7590B98EB39B}
		{B33E359E-FB8B-437C-B94E-11ED60942125} = {827E0CD3-B72D-47B6-A68D-7590B98EB39B}
		{04F02916-6703-4D88-B63B-609BF24C7104} = {0AB3BF05-4346-4AA6-1389-037BE0695223}
	EndGlobalSection
EndGlobal
